{
  "object": {
    "pins": [
      {
        "package": "Antlr4",
        "repositoryURL": "https://github.com/MaxHaertwig/ANTLR4-Swift.git",
        "state": {
          "branch": null,
          "revision": "0b4eed93b803c931db67cc30434b5531f72d50b1",
          "version": "4.9.1"
        }
      },
      {
        "package": "SwiftyBibtex",
        "repositoryURL": "https://github.com/MaxHaertwig/SwiftyBibtex.git",
        "state": {
          "branch": "main",
          "revision": "abe5d498e5023ed6b8d9e67723bc671438565620",
          "version": null
        }
      }
    ]
  },
  "version": 1
}
